
Microsoft Visual Studio Solution File, Format Version 12.00
# Visual Studio Version 18
VisualStudioVersion = 18.5.11626.173 insiders
MinimumVisualStudioVersion = 10.0.40219.1
Project("{FAE04EC0-301F-11D3-BF4B-00C04F79EFBC}") = "IdentityService.API", "IdentityService.API\IdentityService.API.csproj", "{78751FEA-0C3F-44E7-BA24-36C7A3E2FBB9}"
EndProject
Global
	GlobalSection(SolutionConfigurationPlatforms) = preSolution
		Debug|Any CPU = Debug|Any CPU
		Release|Any CPU = Release|Any CPU
	EndGlobalSection
	GlobalSection(ProjectConfigurationPlatforms) = postSolution
		{78751FEA-0C3F-44E7-BA24-36C7A3E2FBB9}.Debug|Any CPU.ActiveCfg = Debug|Any CPU
		{78751FEA-0C3F-44E7-BA24-36C7A3E2FBB9}.Debug|Any CPU.Build.0 = Debug|Any CPU
		{78751FEA-0C3F-44E7-BA24-36C7A3E2FBB9}.Release|Any CPU.ActiveCfg = Release|Any CPU
		{78751FEA-0C3F-44E7-BA24-36C7A3E2FBB9}.Release|Any CPU.Build.0 = Release|Any CPU
	EndGlobalSection
	GlobalSection(SolutionProperties) = preSolution
		HideSolutionNode = FALSE
	EndGlobalSection
	GlobalSection(ExtensibilityGlobals) = postSolution
		SolutionGuid = {A55FA360-89EB-4D10-A743-F600DDAE5E4D}
	EndGlobalSection
EndGlobal
